// !$*UTF8*$!
{
	archiveVersion = 1;
	classes = {
	};
	objectVersion = 50;
	objects = {

/* Begin PBXBuildFile section */
		9466EF2124C60B10002A583A /* AppDelegate.swift in Sources */ = {isa = PBXBuildFile; fileRef = 9466EF2024C60B10002A583A /* AppDelegate.swift */; };
		9466EF2324C60B10002A583A /* SceneDelegate.swift in Sources */ = {isa = PBXBuildFile; fileRef = 9466EF2224C60B10002A583A /* SceneDelegate.swift */; };
		9466EF2524C60B10002A583A /* ViewController.swift in Sources */ = {isa = PBXBuildFile; fileRef = 9466EF2424C60B10002A583A /* ViewController.swift */; };
		9466EF2824C60B10002A583A /* Main.storyboard in Resources */ = {isa = PBXBuildFile; fileRef = 9466EF2624C60B10002A583A /* Main.storyboard */; };
		9466EF2A24C60B11002A583A /* Assets.xcassets in Resources */ = {isa = PBXBuildFile; fileRef = 9466EF2924C60B11002A583A /* Assets.xcassets */; };
		9466EF2D24C60B11002A583A /* LaunchScreen.storyboard in Resources */ = {isa = PBXBuildFile; fileRef = 9466EF2B24C60B11002A583A /* LaunchScreen.storyboard */; };
/* End PBXBuildFile section */

/* Begin PBXFileReference section */
		9466EF1D24C60B10002A583A /* TabandNav.app */ = {isa = PBXFileReference; explicitFileType = wrapper.application; includeInIndex = 0; path = TabandNav.app; sourceTree = BUILT_PRODUCTS_DIR; };
		9466EF2024C60B10002A583A /* AppDelegate.swift */ = {isa = PBXFileReference; lastKnownFileType = sourcecode.swift; path = AppDelegate.swift; sourceTree = "<group>"; };
		9466EF2224C60B10002A583A /* SceneDelegate.swift */ = {isa = PBXFileReference; lastKnownFileType = sourcecode.swift; path = SceneDelegate.swift; sourceTree = "<group>"; };
		9466EF2424C60B10002A583A /* ViewController.swift */ = {isa = PBXFileReference; lastKnownFileType = sourcecode.swift; path = ViewController.swift; sourceTree = "<group>"; };
		9466EF2724C60B10002A583A /* Base */ = {isa = PBXFileReference; lastKnownFileType = file.storyboard; name = Base; path = Base.lproj/Main.storyboard; sourceTree = "<group>"; };
		9466EF2924C60B11002A583A /* Assets.xcassets */ = {isa = PBXFileReference; lastKnownFileType = folder.assetcatalog; path = Assets.xcassets; sourceTree = "<group>"; };
		9466EF2C24C60B11002A583A /* Base */ = {isa = PBXFileReference; lastKnownFileType = file.storyboard; name = Base; path = Base.lproj/LaunchScreen.storyboard; sourceTree = "<group>"; };
		9466EF2E24C60B11002A583A /* Info.plist */ = {isa = PBXFileReference; lastKnownFileType = text.plist.xml; path = Info.plist; sourceTree = "<group>"; };
/* End PBXFileReference section */

/* Begin PBXFrameworksBuildPhase section */
		9466EF1A24C60B10002A583A /* Frameworks */ = {
			isa = PBXFrameworksBuildPhase;
			buildActionMask = 2147483647;
			files = (
			);
			runOnlyForDeploymentPostprocessing = 0;
		};
/* End PBXFrameworksBuildPhase section */

/* Begin PBXGroup section */
		9466EF1424C60B10002A583A = {
			isa = PBXGroup;
			children = (
				9466EF1F24C60B10002A583A /* TabandNav */,
				9466EF1E24C60B10002A583A /* Products */,
			);
			sourceTree = "<group>";
		};
		9466EF1E24C60B10002A583A /* Products */ = {
			isa = PBXGroup;
			children = (
				9466EF1D24C60B10002A583A /* TabandNav.app */,
			);
			name = Products;
			sourceTree = "<group>";
		};
		9466EF1F24C60B10002A583A /* TabandNav */ = {
			isa = PBXGroup;
			children = (
				9466EF2024C60B10002A583A /* AppDelegate.swift */,
				9466EF2224C60B10002A583A /* SceneDelegate.swift */,
				9466EF2424C60B10002A583A /* ViewController.swift */,
				9466EF2624C60B10002A583A /* Main.storyboard */,
				9466EF2924C60B11002A583A /* Assets.xcassets */,
				9466EF2B24C60B11002A583A /* LaunchScreen.storyboard */,
				9466EF2E24C60B11002A583A /* Info.plist */,
			);
			path = TabandNav;
			sourceTree = "<group>";
		};
/* End PBXGroup section */

/* Begin PBXNativeTarget section */
		9466EF1C24C60B10002A583A /* TabandNav */ = {
			isa = PBXNativeTarget;
			buildConfigurationList = 9466EF3124C60B11002A583A /* Build configuration list for PBXNativeTarget "TabandNav" */;
			buildPhases = (
				9466EF1924C60B10002A583A /* Sources */,
				9466EF1A24C60B10002A583A /* Frameworks */,
				9466EF1B24C60B10002A583A /* Resources */,
			);
			buildRules = (
			);
			dependencies = (
			);
			name = TabandNav;
			productName = TabandNav;
			productReference = 9466EF1D24C60B10002A583A /* TabandNav.app */;
			productType = "com.apple.product-type.application";
		};
/* End PBXNativeTarget section */

/* Begin PBXProject section */
		9466EF1524C60B10002A583A /* Project object */ = {
			isa = PBXProject;
			attributes = {
				LastSwiftUpdateCheck = 1150;
				LastUpgradeCheck = 1150;
				ORGANIZATIONNAME = Stallions;
				TargetAttributes = {
					9466EF1C24C60B10002A583A = {
						CreatedOnToolsVersion = 11.5;
					};
				};
			};
			buildConfigurationList = 9466EF1824C60B10002A583A /* Build configuration list for PBXProject "TabandNav" */;
			compatibilityVersion = "Xcode 9.3";
			developmentRegion = en;
			hasScannedForEncodings = 0;
			knownRegions = (
				en,
				Base,
			);
			mainGroup = 9466EF1424C60B10002A583A;
			productRefGroup = 9466EF1E24C60B10002A583A /* Products */;
			projectDirPath = "";
			projectRoot = "";
			targets = (
				9466EF1C24C60B10002A583A /* TabandNav */,
			);
		};
/* End PBXProject section */

/* Begin PBXResourcesBuildPhase section */
		9466EF1B24C60B10002A583A /* Resources */ = {
			isa = PBXResourcesBuildPhase;
			buildActionMask = 2147483647;
			files = (
				9466EF2D24C60B11002A583A /* LaunchScreen.storyboard in Resources */,
				9466EF2A24C60B11002A583A /* Assets.xcassets in Resources */,
				9466EF2824C60B10002A583A /* Main.storyboard in Resources */,
			);
			runOnlyForDeploymentPostprocessing = 0;
		};
/* End PBXResourcesBuildPhase section */

/* Begin PBXSourcesBuildPhase section */
		9466EF1924C60B10002A583A /* Sources */ = {
			isa = PBXSourcesBuildPhase;
			buildActionMask = 2147483647;
			files = (
				9466EF2524C60B10002A583A /* ViewController.swift in Sources */,
				9466EF2124C60B10002A583A /* AppDelegate.swift in Sources */,
				9466EF2324C60B10002A583A /* SceneDelegate.swift in Sources */,
			);
			runOnlyForDeploymentPostprocessing = 0;
		};
/* End PBXSourcesBuildPhase section */

/* Begin PBXVariantGroup section */
		9466EF2624C60B10002A583A /* Main.storyboard */ = {
			isa = PBXVariantGroup;
			children = (
				9466EF2724C60B10002A583A /* Base */,
			);
			name = Main.storyboard;
			sourceTree = "<group>";
		};
		9466EF2B24C60B11002A583A /* LaunchScreen.storyboard */ = {
			isa = PBXVariantGroup;
			children = (
				9466EF2C24C60B11002A583A /* Base */,
			);
			name = LaunchScreen.storyboard;
			sourceTree = "<group>";
		};
/* End PBXVariantGroup section */

/* Begin XCBuildConfiguration section */
		9466EF2F24C60B11002A583A /* Debug */ = {
			isa = XCBuildConfiguration;
			buildSettings = {
				ALWAYS_SEARCH_USER_PATHS = NO;
				CLANG_ANALYZER_NONNULL = YES;
				CLANG_ANALYZER_NUMBER_OBJECT_CONVERSION = YES_AGGRESSIVE;
				CLANG_CXX_LANGUAGE_STANDARD = "gnu++14";
				CLANG_CXX_LIBRARY = "libc++";
				CLANG_ENABLE_MODULES = YES;
				CLANG_ENABLE_OBJC_ARC = YES;
				CLANG_ENABLE_OBJC_WEAK = YES;
				CLANG_WARN_BLOCK_CAPTURE_AUTORELEASING = YES;
				CLANG_WARN_BOOL_CONVERSION = YES;
				CLANG_WARN_COMMA = YES;
				CLANG_WARN_CONSTANT_CONVERSION = YES;
				CLANG_WARN_DEPRECATED_OBJC_IMPLEMENTATIONS = YES;
				CLANG_WARN_DIRECT_OBJC_ISA_USAGE = YES_ERROR;
				CLANG_WARN_DOCUMENTATION_COMMENTS = YES;
				CLANG_WARN_EMPTY_BODY = YES;
				CLANG_WARN_ENUM_CONVERSION = YES;
				CLANG_WARN_INFINITE_RECURSION = YES;
				CLANG_WARN_INT_CONVERSION = YES;
				CLANG_WARN_NON_LITERAL_NULL_CONVERSION = YES;
				CLANG_WARN_OBJC_IMPLICIT_RETAIN_SELF = YES;
				CLANG_WARN_OBJC_LITERAL_CONVERSION = YES;
				CLANG_WARN_OBJC_ROOT_CLASS = YES_ERROR;
				CLANG_WARN_RANGE_LOOP_ANALYSIS = YES;
				CLANG_WARN_STRICT_PROTOTYPES = YES;
				CLANG_WARN_SUSPICIOUS_MOVE = YES;
				CLANG_WARN_UNGUARDED_AVAILABILITY = YES_AGGRESSIVE;
				CLANG_WARN_UNREACHABLE_CODE = YES;
				CLANG_WARN__DUPLICATE_METHOD_MATCH = YES;
				COPY_PHASE_STRIP = NO;
				DEBUG_INFORMATION_FORMAT = dwarf;
				ENABLE_STRICT_OBJC_MSGSEND = YES;
				ENABLE_TESTABILITY = YES;
				GCC_C_LANGUAGE_STANDARD = gnu11;
				GCC_DYNAMIC_NO_PIC = NO;
				GCC_NO_COMMON_BLOCKS = YES;
				GCC_OPTIMIZATION_LEVEL = 0;
				GCC_PREPROCESSOR_DEFINITIONS = (
					"DEBUG=1",
					"$(inherited)",
				);
				GCC_WARN_64_TO_32_BIT_CONVERSION = YES;
				GCC_WARN_ABOUT_RETURN_TYPE = YES_ERROR;
				GCC_WARN_UNDECLARED_SELECTOR = YES;
				GCC_WARN_UNINITIALIZED_AUTOS = YES_AGGRESSIVE;
				GCC_WARN_UNUSED_FUNCTION = YES;
				GCC_WARN_UNUSED_VARIABLE = YES;
				IPHONEOS_DEPLOYMENT_TARGET = 13.5;
				MTL_ENABLE_DEBUG_INFO = INCLUDE_SOURCE;
				MTL_FAST_MATH = YES;
				ONLY_ACTIVE_ARCH = YES;
				SDKROOT = iphoneos;
				SWIFT_ACTIVE_COMPILATION_CONDITIONS = DEBUG;
				SWIFT_OPTIMIZATION_LEVEL = "-Onone";
			};
			name = Debug;
		};
		9466EF3024C60B11002A583A /* Release */ = {
			isa = XCBuildConfiguration;
			buildSettings = {
				ALWAYS_SEARCH_USER_PATHS = NO;
				CLANG_ANALYZER_NONNULL = YES;
				CLANG_ANALYZER_NUMBER_OBJECT_CONVERSION = YES_AGGRESSIVE;
				CLANG_CXX_LANGUAGE_STANDARD = "gnu++14";
				CLANG_CXX_LIBRARY = "libc++";
				CLANG_ENABLE_MODULES = YES;
				CLANG_ENABLE_OBJC_ARC = YES;
				CLANG_ENABLE_OBJC_WEAK = YES;
				CLANG_WARN_BLOCK_CAPTURE_AUTORELEASING = YES;
				CLANG_WARN_BOOL_CONVERSION = YES;
				CLANG_WARN_COMMA = YES;
				CLANG_WARN_CONSTANT_CONVERSION = YES;
				CLANG_WARN_DEPRECATED_OBJC_IMPLEMENTATIONS = YES;
				CLANG_WARN_DIRECT_OBJC_ISA_USAGE = YES_ERROR;
				CLANG_WARN_DOCUMENTATION_COMMENTS = YES;
				CLANG_WARN_EMPTY_BODY = YES;
				CLANG_WARN_ENUM_CONVERSION = YES;
				CLANG_WARN_INFINITE_RECURSION = YES;
				CLANG_WARN_INT_CONVERSION = YES;
				CLANG_WARN_NON_LITERAL_NULL_CONVERSION = YES;
				CLANG_WARN_OBJC_IMPLICIT_RETAIN_SELF = YES;
				CLANG_WARN_OBJC_LITERAL_CONVERSION = YES;
				CLANG_WARN_OBJC_ROOT_CLASS = YES_ERROR;
				CLANG_WARN_RANGE_LOOP_ANALYSIS = YES;
				CLANG_WARN_STRICT_PROTOTYPES = YES;
				CLANG_WARN_SUSPICIOUS_MOVE = YES;
				CLANG_WARN_UNGUARDED_AVAILABILITY = YES_AGGRESSIVE;
				CLANG_WARN_UNREACHABLE_CODE = YES;
				CLANG_WARN__DUPLICATE_METHOD_MATCH = YES;
				COPY_PHASE_STRIP = NO;
				DEBUG_INFORMATION_FORMAT = "dwarf-with-dsym";
				ENABLE_NS_ASSERTIONS = NO;
				ENABLE_STRICT_OBJC_MSGSEND = YES;
				GCC_C_LANGUAGE_STANDARD = gnu11;
				GCC_NO_COMMON_BLOCKS = YES;
				GCC_WARN_64_TO_32_BIT_CONVERSION = YES;
				GCC_WARN_ABOUT_RETURN_TYPE = YES_ERROR;
				GCC_WARN_UNDECLARED_SELECTOR = YES;
				GCC_WARN_UNINITIALIZED_AUTOS = YES_AGGRESSIVE;
				GCC_WARN_UNUSED_FUNCTION = YES;
				GCC_WARN_UNUSED_VARIABLE = YES;
				IPHONEOS_DEPLOYMENT_TARGET = 13.5;
				MTL_ENABLE_DEBUG_INFO = NO;
				MTL_FAST_MATH = YES;
				SDKROOT = iphoneos;
				SWIFT_COMPILATION_MODE = wholemodule;
				SWIFT_OPTIMIZATION_LEVEL = "-O";
				VALIDATE_PRODUCT = YES;
			};
			name = Release;
		};
		9466EF3224C60B11002A583A /* Debug */ = {
			isa = XCBuildConfiguration;
			buildSettings = {
				ASSETCATALOG_COMPILER_APPICON_NAME = AppIcon;
				CODE_SIGN_STYLE = Automatic;
				DEVELOPMENT_TEAM = A4Z2XDMUJD;
				INFOPLIST_FILE = TabandNav/Info.plist;
				LD_RUNPATH_SEARCH_PATHS = (
					"$(inherited)",
					"@executable_path/Frameworks",
				);
				PRODUCT_BUNDLE_IDENTIFIER = com.henryandryan.TabandNav;
				PRODUCT_NAME = "$(TARGET_NAME)";
				SWIFT_VERSION = 5.0;
				TARGETED_DEVICE_FAMILY = "1,2";
			};
			name = Debug;
		};
		9466EF3324C60B11002A583A /* Release */ = {
			isa = XCBuildConfiguration;
			buildSettings = {
				ASSETCATALOG_COMPILER_APPICON_NAME = AppIcon;
				CODE_SIGN_STYLE = Automatic;
				DEVELOPMENT_TEAM = A4Z2XDMUJD;
				INFOPLIST_FILE = TabandNav/Info.plist;
				LD_RUNPATH_SEARCH_PATHS = (
					"$(inherited)",
					"@executable_path/Frameworks",
				);
				PRODUCT_BUNDLE_IDENTIFIER = com.henryandryan.TabandNav;
				PRODUCT_NAME = "$(TARGET_NAME)";
				SWIFT_VERSION = 5.0;
				TARGETED_DEVICE_FAMILY = "1,2";
			};
			name = Release;
		};
/* End XCBuildConfiguration section */

/* Begin XCConfigurationList section */
		9466EF1824C60B10002A583A /* Build configuration list for PBXProject "TabandNav" */ = {
			isa = XCConfigurationList;
			buildConfigurations = (
				9466EF2F24C60B11002A583A /* Debug */,
				9466EF3024C60B11002A583A /* Release */,
			);
			defaultConfigurationIsVisible = 0;
			defaultConfigurationName = Release;
		};
		9466EF3124C60B11002A583A /* Build configuration list for PBXNativeTarget "TabandNav" */ = {
			isa = XCConfigurationList;
			buildConfigurations = (
				9466EF3224C60B11002A583A /* Debug */,
				9466EF3324C60B11002A583A /* Release */,
			);
			defaultConfigurationIsVisible = 0;
			defaultConfigurationName = Release;
		};
/* End XCConfigurationList section */
	};
	rootObject = 9466EF1524C60B10002A583A /* Project object */;
}
